
Microsoft Visual Studio Solution File, Format Version 12.00
# Visual Studio 15
VisualStudioVersion = 15.0.28307.489
MinimumVisualStudioVersion = 10.0.40219.1
Project("{FAE04EC0-301F-11D3-BF4B-00C04F79EFBC}") = "aspDotNetCrud", "aspDotNetCrud\aspDotNetCrud.csproj", "{0FB1803B-979A-4DD0-A672-1F7A6D426DB1}"
EndProject
Global
	GlobalSection(SolutionConfigurationPlatforms) = preSolution
		Debug|Any CPU = Debug|Any CPU
		Release|Any CPU = Release|Any CPU
	EndGlobalSection
	GlobalSection(ProjectConfigurationPlatforms) = postSolution
		{0FB1803B-979A-4DD0-A672-1F7A6D426DB1}.Debug|Any CPU.ActiveCfg = Debug|Any CPU
		{0FB1803B-979A-4DD0-A672-1F7A6D426DB1}.Debug|Any CPU.Build.0 = Debug|Any CPU
		{0FB1803B-979A-4DD0-A672-1F7A6D426DB1}.Release|Any CPU.ActiveCfg = Release|Any CPU
		{0FB1803B-979A-4DD0-A672-1F7A6D426DB1}.Release|Any CPU.Build.0 = Release|Any CPU
	EndGlobalSection
	GlobalSection(SolutionProperties) = preSolution
		HideSolutionNode = FALSE
	EndGlobalSection
	GlobalSection(ExtensibilityGlobals) = postSolution
		SolutionGuid = {63E5FCCE-A99B-4090-9063-873B6B1416A1}
	EndGlobalSection
EndGlobal
