
Microsoft Visual Studio Solution File, Format Version 12.00
# Visual Studio 15
VisualStudioVersion = 15.0.28307.489
MinimumVisualStudioVersion = 10.0.40219.1
Project("{FAE04EC0-301F-11D3-BF4B-00C04F79EFBC}") = "mvcDemo", "mvcDemo\mvcDemo.csproj", "{94C7AA23-5364-45FB-93F3-7E46AF32026E}"
EndProject
Global
	GlobalSection(SolutionConfigurationPlatforms) = preSolution
		Debug|Any CPU = Debug|Any CPU
		Release|Any CPU = Release|Any CPU
	EndGlobalSection
	GlobalSection(ProjectConfigurationPlatforms) = postSolution
		{94C7AA23-5364-45FB-93F3-7E46AF32026E}.Debug|Any CPU.ActiveCfg = Debug|Any CPU
		{94C7AA23-5364-45FB-93F3-7E46AF32026E}.Debug|Any CPU.Build.0 = Debug|Any CPU
		{94C7AA23-5364-45FB-93F3-7E46AF32026E}.Release|Any CPU.ActiveCfg = Release|Any CPU
		{94C7AA23-5364-45FB-93F3-7E46AF32026E}.Release|Any CPU.Build.0 = Release|Any CPU
	EndGlobalSection
	GlobalSection(SolutionProperties) = preSolution
		HideSolutionNode = FALSE
	EndGlobalSection
	GlobalSection(ExtensibilityGlobals) = postSolution
		SolutionGuid = {5C2FB93E-2AAF-488D-B9B1-9B70D6E5B276}
	EndGlobalSection
EndGlobal
